Microsoft Visual Studio Solution File, Format Version 12.00
# Visual Studio Version 17
VisualStudioVersion = 17.5.2.0
MinimumVisualStudioVersion = 10.0.40219.1
Project("{FAE04EC0-301F-11D3-BF4B-00C04F79EFBC}") = "FactionGearModification", "FactionGearModification.csproj", "{A97BEDA4-EAD5-3752-9F6E-E5C710F51886}"
EndProject
Global
	GlobalSection(SolutionConfigurationPlatforms) = preSolution
		Debug|Any CPU = Debug|Any CPU
		Release|Any CPU = Release|Any CPU
	EndGlobalSection
	GlobalSection(ProjectConfigurationPlatforms) = postSolution
		{A97BEDA4-EAD5-3752-9F6E-E5C710F51886}.Debug|Any CPU.ActiveCfg = Debug|Any CPU
		{A97BEDA4-EAD5-3752-9F6E-E5C710F51886}.Debug|Any CPU.Build.0 = Debug|Any CPU
		{A97BEDA4-EAD5-3752-9F6E-E5C710F51886}.Release|Any CPU.ActiveCfg = Release|Any CPU
		{A97BEDA4-EAD5-3752-9F6E-E5C710F51886}.Release|Any CPU.Build.0 = Release|Any CPU
	EndGlobalSection
	GlobalSection(SolutionProperties) = preSolution
		HideSolutionNode = FALSE
	EndGlobalSection
	GlobalSection(ExtensibilityGlobals) = postSolution
		SolutionGuid = {84947BC5-4BBC-4346-B761-2E0D602D5A16}
	EndGlobalSection
EndGlobal
